{
  "name": "exesize",
  "version": "1.0.0",
  "lockfileVersion": 1,
  "requires": true,
  "dependencies": {
    "@ant-design/colors": {
      "version": "4.0.5",
      "resolved": "https://registry.npmjs.org/@ant-design/colors/-/colors-4.0.5.tgz",
      "integrity": "sha512-3mnuX2prnWOWvpFTS2WH2LoouWlOgtnIpc6IarWN6GOzzLF8dW/U8UctuvIPhoboETehZfJ61XP+CGakBEPJ3Q==",
      "requires": {
        "tinycolor2": "^1.4.1"
      }
    },
    "@ant-design/css-animation": {
      "version": "1.7.3",
      "resolved": "https://registry.npmjs.org/@ant-design/css-animation/-/css-animation-1.7.3.tgz",
      "integrity": "sha512-LrX0OGZtW+W6iLnTAqnTaoIsRelYeuLZWsrmBJFUXDALQphPsN8cE5DCsmoSlL0QYb94BQxINiuS70Ar/8BNgA=="
    },
    "@ant-design/icons": {
      "version": "4.2.2",
      "resolved": "https://registry.npmjs.org/@ant-design/icons/-/icons-4.2.2.tgz",
      "integrity": "sha512-DrVV+wcupnHS7PehJ6KiTcJtAR5c25UMgjGECCc6pUT9rsvw0AuYG+a4HDjfxEQuDqKTHwW+oX/nIvCymyLE8Q==",
      "requires": {
        "@ant-design/colors": "^3.1.0",
        "@ant-design/icons-svg": "^4.0.0",
        "@babel/runtime": "^7.10.4",
        "classnames": "^2.2.6",
        "insert-css": "^2.0.0",
        "rc-util": "^5.0.1"
      },
      "dependencies": {
        "@ant-design/colors": {
          "version": "3.2.2",
          "resolved": "https://registry.npmjs.org/@ant-design/colors/-/colors-3.2.2.tgz",
          "integrity": "sha512-YKgNbG2dlzqMhA9NtI3/pbY16m3Yl/EeWBRa+lB1X1YaYxHrxNexiQYCLTWO/uDvAjLFMEDU+zR901waBtMtjQ==",
          "requires": {
            "tinycolor2": "^1.4.1"
          }
        }
      }
    },
    "@ant-design/icons-svg": {
      "version": "4.1.0",
      "resolved": "https://registry.npmjs.org/@ant-design/icons-svg/-/icons-svg-4.1.0.tgz",
      "integrity": "sha512-Fi03PfuUqRs76aI3UWYpP864lkrfPo0hluwGqh7NJdLhvH4iRDc3jbJqZIvRDLHKbXrvAfPPV3+zjUccfFvWOQ=="
    },
    "@ant-design/react-slick": {
      "version": "0.27.10",
      "resolved": "https://registry.npmjs.org/@ant-design/react-slick/-/react-slick-0.27.10.tgz",
      "integrity": "sha512-Lg/9RlGaYGeFjB1UkvK50xUKf7XgIVpxXVPkm+45/VoA66c3uC1KN5yRxx7AEayHcSPZDqO9TGvMXu1WbbY2vw==",
      "requires": {
        "@babel/runtime": "^7.10.4",
        "classnames": "^2.2.5",
        "json2mq": "^0.2.0",
        "lodash": "^4.17.15",
        "resize-observer-polyfill": "^1.5.0"
      }
    },
    "@babel/runtime": {
      "version": "7.11.2",
      "resolved": "https://registry.npmjs.org/@babel/runtime/-/runtime-7.11.2.tgz",
      "integrity": "sha512-TeWkU52so0mPtDcaCTxNBI/IHiz0pZgr8VEFqXFtZWpYD08ZB6FaSwVAS8MKRQAP3bYKiVjwysOJgMFY28o6Tw==",
      "requires": {
        "regenerator-runtime": "^0.13.4"
      }
    },
    "acorn": {
      "version": "5.7.4",
      "resolved": "https://registry.npmjs.org/acorn/-/acorn-5.7.4.tgz",
      "integrity": "sha512-1D++VG7BhrtvQpNbBzovKNc1FLGGEE/oGe7b9xJm/RFHMBeUaUGpluV9RLjZa47YFdPcDAenEYuq9pQPcMdLJg=="
    },
    "antd": {
      "version": "4.6.2",
      "resolved": "https://registry.npmjs.org/antd/-/antd-4.6.2.tgz",
      "integrity": "sha512-6hmSRiSV3Lzz/1fKGOLHld7gf0d+MW7fg7MNGCAAceGmxtG1WEaaOtV8dZeL2WXq0SGH4wY4GytN6chRrtatfw==",
      "requires": {
        "@ant-design/colors": "^4.0.5",
        "@ant-design/css-animation": "^1.7.2",
        "@ant-design/icons": "^4.2.1",
        "@ant-design/react-slick": "~0.27.0",
        "@babel/runtime": "^7.10.4",
        "array-tree-filter": "^2.1.0",
        "classnames": "^2.2.6",
        "copy-to-clipboard": "^3.2.0",
        "lodash": "^4.17.20",
        "moment": "^2.25.3",
        "omit.js": "^2.0.2",
        "raf": "^3.4.1",
        "rc-animate": "~3.1.0",
        "rc-cascader": "~1.3.0",
        "rc-checkbox": "~2.3.0",
        "rc-collapse": "~2.0.0",
        "rc-dialog": "~8.1.0",
        "rc-drawer": "~4.1.0",
        "rc-dropdown": "~3.1.2",
        "rc-field-form": "~1.10.0",
        "rc-image": "~3.0.2",
        "rc-input-number": "~6.0.0",
        "rc-mentions": "~1.4.0",
        "rc-menu": "~8.5.2",
        "rc-motion": "^1.0.0",
        "rc-notification": "~4.4.0",
        "rc-pagination": "~3.0.3",
        "rc-picker": "~2.0.6",
        "rc-progress": "~3.0.0",
        "rc-rate": "~2.8.2",
        "rc-resize-observer": "^0.2.3",
        "rc-select": "~11.1.0",
        "rc-slider": "~9.3.0",
        "rc-steps": "~4.1.0",
        "rc-switch": "~3.2.0",
        "rc-table": "~7.9.2",
        "rc-tabs": "~11.6.0",
        "rc-textarea": "~0.3.0",
        "rc-tooltip": "~4.2.0",
        "rc-tree": "~3.9.0",
        "rc-tree-select": "~4.1.1",
        "rc-trigger": "~4.4.0",
        "rc-upload": "~3.2.1",
        "rc-util": "^5.1.0",
        "scroll-into-view-if-needed": "^2.2.25",
        "warning": "^4.0.3"
      }
    },
    "array-tree-filter": {
      "version": "2.1.0",
      "resolved": "https://registry.npmjs.org/array-tree-filter/-/array-tree-filter-2.1.0.tgz",
      "integrity": "sha512-4ROwICNlNw/Hqa9v+rk5h22KjmzB1JGTMVKP2AKJBOCgb0yL0ASf0+YvCcLNNwquOHNX48jkeZIJ3a+oOQqKcw=="
    },
    "art-template": {
      "version": "4.13.2",
      "resolved": "https://registry.npmjs.org/art-template/-/art-template-4.13.2.tgz",
      "integrity": "sha512-04ws5k+ndA5DghfheY4c8F1304XJKeTcaXqZCLpxFkNMSkaR3ChW1pX2i9d3sEEOZuLy7de8lFriRaik1jEeOQ==",
      "requires": {
        "acorn": "^5.0.3",
        "escodegen": "^1.8.1",
        "estraverse": "^4.2.0",
        "html-minifier": "^3.4.3",
        "is-keyword-js": "^1.0.3",
        "js-tokens": "^3.0.1",
        "merge-source-map": "^1.0.3",
        "source-map": "^0.5.6"
      },
      "dependencies": {
        "js-tokens": {
          "version": "3.0.2",
          "resolved": "https://registry.npmjs.org/js-tokens/-/js-tokens-3.0.2.tgz",
          "integrity": "sha1-mGbfOVECEw449/mWvOtlRDIJwls="
        }
      }
    },
    "async-validator": {
      "version": "3.4.0",
      "resolved": "https://registry.npmjs.org/async-validator/-/async-validator-3.4.0.tgz",
      "integrity": "sha512-VrFk4eYiJAWKskEz115iiuCf9O0ftnMMPXrOFMqyzGH2KxO7YwncKyn/FgOOP+0MDHMfXL7gLExagCutaZGigA=="
    },
    "bootstrap": {
      "version": "4.5.2",
      "resolved": "https://registry.npmjs.org/bootstrap/-/bootstrap-4.5.2.tgz",
      "integrity": "sha512-vlGn0bcySYl/iV+BGA544JkkZP5LB3jsmkeKLFQakCOwCM3AOk7VkldBz4jrzSe+Z0Ezn99NVXa1o45cQY4R6A=="
    },
    "camel-case": {
      "version": "3.0.0",
      "resolved": "https://registry.npmjs.org/camel-case/-/camel-case-3.0.0.tgz",
      "integrity": "sha1-yjw2iKTpzzpM2nd9xNy8cTJJz3M=",
      "requires": {
        "no-case": "^2.2.0",
        "upper-case": "^1.1.1"
      }
    },
    "classnames": {
      "version": "2.2.6",
      "resolved": "https://registry.npmjs.org/classnames/-/classnames-2.2.6.tgz",
      "integrity": "sha512-JR/iSQOSt+LQIWwrwEzJ9uk0xfN3mTVYMwt1Ir5mUcSN6pU+V4zQFFaJsclJbPuAUQH+yfWef6tm7l1quW3C8Q=="
    },
    "clean-css": {
      "version": "4.2.3",
      "resolved": "https://registry.npmjs.org/clean-css/-/clean-css-4.2.3.tgz",
      "integrity": "sha512-VcMWDN54ZN/DS+g58HYL5/n4Zrqe8vHJpGA8KdgUXFU4fuP/aHNw8eld9SyEIyabIMJX/0RaY/fplOo5hYLSFA==",
      "requires": {
        "source-map": "~0.6.0"
      },
      "dependencies": {
        "source-map": {
          "version": "0.6.1",
          "resolved": "https://registry.npmjs.org/source-map/-/source-map-0.6.1.tgz",
          "integrity": "sha512-UjgapumWlbMhkBgzT7Ykc5YXUT46F0iKu8SGXq0bcwP5dz/h0Plj6enJqjz1Zbq2l5WaqYnrVbwWOWMyF3F47g=="
        }
      }
    },
    "commander": {
      "version": "2.17.1",
      "resolved": "https://registry.npmjs.org/commander/-/commander-2.17.1.tgz",
      "integrity": "sha512-wPMUt6FnH2yzG95SA6mzjQOEKUU3aLaDEmzs1ti+1E9h+CsrZghRlqEM/EJ4KscsQVG8uNN4uVreUeT8+drlgg=="
    },
    "compute-scroll-into-view": {
      "version": "1.0.14",
      "resolved": "https://registry.npmjs.org/compute-scroll-into-view/-/compute-scroll-into-view-1.0.14.tgz",
      "integrity": "sha512-mKDjINe3tc6hGelUMNDzuhorIUZ7kS7BwyY0r2wQd2HOH2tRuJykiC06iSEX8y1TuhNzvz4GcJnK16mM2J1NMQ=="
    },
    "copy-to-clipboard": {
      "version": "3.3.1",
      "resolved": "https://registry.npmjs.org/copy-to-clipboard/-/copy-to-clipboard-3.3.1.tgz",
      "integrity": "sha512-i13qo6kIHTTpCm8/Wup+0b1mVWETvu2kIMzKoK8FpkLkFxlt0znUAHcMzox+T8sPlqtZXq3CulEjQHsYiGFJUw==",
      "requires": {
        "toggle-selection": "^1.0.6"
      }
    },
    "date-fns": {
      "version": "2.16.1",
      "resolved": "https://registry.npmjs.org/date-fns/-/date-fns-2.16.1.tgz",
      "integrity": "sha512-sAJVKx/FqrLYHAQeN7VpJrPhagZc9R4ImZIWYRFZaaohR3KzmuK88touwsSwSVT8Qcbd4zoDsnGfX4GFB4imyQ=="
    },
    "dayjs": {
      "version": "1.8.34",
      "resolved": "https://registry.npmjs.org/dayjs/-/dayjs-1.8.34.tgz",
      "integrity": "sha512-Olb+E6EoMvdPmAMq2QoucuyZycKHjTlBXmRx8Ada+wGtq4SIXuDCdtoaX4KkK0yjf1fJLnwXQURr8gQKWKaybw=="
    },
    "deep-is": {
      "version": "0.1.3",
      "resolved": "https://registry.npmjs.org/deep-is/-/deep-is-0.1.3.tgz",
      "integrity": "sha1-s2nW+128E+7PUk+RsHD+7cNXzzQ="
    },
    "dom-align": {
      "version": "1.12.0",
      "resolved": "https://registry.npmjs.org/dom-align/-/dom-align-1.12.0.tgz",
      "integrity": "sha512-YkoezQuhp3SLFGdOlr5xkqZ640iXrnHAwVYcDg8ZKRUtO7mSzSC2BA5V0VuyAwPSJA4CLIc6EDDJh4bEsD2+zA=="
    },
    "escodegen": {
      "version": "1.14.3",
      "resolved": "https://registry.npmjs.org/escodegen/-/escodegen-1.14.3.tgz",
      "integrity": "sha512-qFcX0XJkdg+PB3xjZZG/wKSuT1PnQWx57+TVSjIMmILd2yC/6ByYElPwJnslDsuWuSAp4AwJGumarAAmJch5Kw==",
      "requires": {
        "esprima": "^4.0.1",
        "estraverse": "^4.2.0",
        "esutils": "^2.0.2",
        "optionator": "^0.8.1",
        "source-map": "~0.6.1"
      },
      "dependencies": {
        "source-map": {
          "version": "0.6.1",
          "resolved": "https://registry.npmjs.org/source-map/-/source-map-0.6.1.tgz",
          "integrity": "sha512-UjgapumWlbMhkBgzT7Ykc5YXUT46F0iKu8SGXq0bcwP5dz/h0Plj6enJqjz1Zbq2l5WaqYnrVbwWOWMyF3F47g==",
          "optional": true
        }
      }
    },
    "esprima": {
      "version": "4.0.1",
      "resolved": "https://registry.npmjs.org/esprima/-/esprima-4.0.1.tgz",
      "integrity": "sha512-eGuFFw7Upda+g4p+QHvnW0RyTX/SVeJBDM/gCtMARO0cLuT2HcEKnTPvhjV6aGeqrCB/sbNop0Kszm0jsaWU4A=="
    },
    "estraverse": {
      "version": "4.3.0",
      "resolved": "https://registry.npmjs.org/estraverse/-/estraverse-4.3.0.tgz",
      "integrity": "sha512-39nnKffWz8xN1BU/2c79n9nB9HDzo0niYUqx6xyqUnyoAnQyyWpOTdZEeiCch8BBu515t4wp9ZmgVfVhn9EBpw=="
    },
    "esutils": {
      "version": "2.0.3",
      "resolved": "https://registry.npmjs.org/esutils/-/esutils-2.0.3.tgz",
      "integrity": "sha512-kVscqXk4OCp68SZ0dkgEKVi6/8ij300KBWTJq32P/dYeWTSwK41WyTxalN1eRmA5Z9UU/LX9D7FWSmV9SAYx6g=="
    },
    "fast-levenshtein": {
      "version": "2.0.6",
      "resolved": "https://registry.npmjs.org/fast-levenshtein/-/fast-levenshtein-2.0.6.tgz",
      "integrity": "sha1-PYpcZog6FqMMqGQ+hR8Zuqd5eRc="
    },
    "he": {
      "version": "1.2.0",
      "resolved": "https://registry.npmjs.org/he/-/he-1.2.0.tgz",
      "integrity": "sha512-F/1DnUGPopORZi0ni+CvrCgHQ5FyEAHRLSApuYWMmrbSwoN2Mn/7k+Gl38gJnR7yyDZk6WLXwiGod1JOWNDKGw=="
    },
    "hoist-non-react-statics": {
      "version": "3.3.2",
      "resolved": "https://registry.npmjs.org/hoist-non-react-statics/-/hoist-non-react-statics-3.3.2.tgz",
      "integrity": "sha512-/gGivxi8JPKWNm/W0jSmzcMPpfpPLc3dY/6GxhX2hQ9iGj3aDfklV4ET7NjKpSinLpJ5vafa9iiGIEZg10SfBw==",
      "requires": {
        "react-is": "^16.7.0"
      }
    },
    "html-minifier": {
      "version": "3.5.21",
      "resolved": "https://registry.npmjs.org/html-minifier/-/html-minifier-3.5.21.tgz",
      "integrity": "sha512-LKUKwuJDhxNa3uf/LPR/KVjm/l3rBqtYeCOAekvG8F1vItxMUpueGd94i/asDDr8/1u7InxzFA5EeGjhhG5mMA==",
      "requires": {
        "camel-case": "3.0.x",
        "clean-css": "4.2.x",
        "commander": "2.17.x",
        "he": "1.2.x",
        "param-case": "2.1.x",
        "relateurl": "0.2.x",
        "uglify-js": "3.4.x"
      }
    },
    "insert-css": {
      "version": "2.0.0",
      "resolved": "https://registry.npmjs.org/insert-css/-/insert-css-2.0.0.tgz",
      "integrity": "sha1-610Ql7dUL0x56jBg067gfQU4gPQ="
    },
    "is-keyword-js": {
      "version": "1.0.3",
      "resolved": "https://registry.npmjs.org/is-keyword-js/-/is-keyword-js-1.0.3.tgz",
      "integrity": "sha1-rDDc81tnH0snsX9ctXI1EmAhEy0="
    },
    "jquery": {
      "version": "3.5.1",
      "resolved": "https://registry.npmjs.org/jquery/-/jquery-3.5.1.tgz",
      "integrity": "sha512-XwIBPqcMn57FxfT+Go5pzySnm4KWkT1Tv7gjrpT1srtf8Weynl6R273VJ5GjkRb51IzMp5nbaPjJXMWeju2MKg=="
    },
    "js-tokens": {
      "version": "4.0.0",
      "resolved": "https://registry.npmjs.org/js-tokens/-/js-tokens-4.0.0.tgz",
      "integrity": "sha512-RdJUflcE3cUzKiMqQgsCu06FPu9UdIJO0beYbPhHN4k6apgJtifcoCtT9bcxOpYBtpD2kCM6Sbzg4CausW/PKQ=="
    },
    "json2mq": {
      "version": "0.2.0",
      "resolved": "https://registry.npmjs.org/json2mq/-/json2mq-0.2.0.tgz",
      "integrity": "sha1-tje9O6nqvhIsg+lyBIOusQ0skEo=",
      "requires": {
        "string-convert": "^0.2.0"
      }
    },
    "levn": {
      "version": "0.3.0",
      "resolved": "https://registry.npmjs.org/levn/-/levn-0.3.0.tgz",
      "integrity": "sha1-OwmSTt+fCDwEkP3UwLxEIeBHZO4=",
      "requires": {
        "prelude-ls": "~1.1.2",
        "type-check": "~0.3.2"
      }
    },
    "lodash": {
      "version": "4.17.20",
      "resolved": "https://registry.npmjs.org/lodash/-/lodash-4.17.20.tgz",
      "integrity": "sha512-PlhdFcillOINfeV7Ni6oF1TAEayyZBoZ8bcshTHqOYJYlrqzRK5hagpagky5o4HfCzzd1TRkXPMFq6cKk9rGmA=="
    },
    "loose-envify": {
      "version": "1.4.0",
      "resolved": "https://registry.npmjs.org/loose-envify/-/loose-envify-1.4.0.tgz",
      "integrity": "sha512-lyuxPGr/Wfhrlem2CL/UcnUc1zcqKAImBDzukY7Y5F/yQiNdko6+fRLevlw1HgMySw7f611UIY408EtxRSoK3Q==",
      "requires": {
        "js-tokens": "^3.0.0 || ^4.0.0"
      }
    },
    "lower-case": {
      "version": "1.1.4",
      "resolved": "https://registry.npmjs.org/lower-case/-/lower-case-1.1.4.tgz",
      "integrity": "sha1-miyr0bno4K6ZOkv31YdcOcQujqw="
    },
    "merge-source-map": {
      "version": "1.1.0",
      "resolved": "https://registry.npmjs.org/merge-source-map/-/merge-source-map-1.1.0.tgz",
      "integrity": "sha512-Qkcp7P2ygktpMPh2mCQZaf3jhN6D3Z/qVZHSdWvQ+2Ef5HgRAPBO57A77+ENm0CPx2+1Ce/MYKi3ymqdfuqibw==",
      "requires": {
        "source-map": "^0.6.1"
      },
      "dependencies": {
        "source-map": {
          "version": "0.6.1",
          "resolved": "https://registry.npmjs.org/source-map/-/source-map-0.6.1.tgz",
          "integrity": "sha512-UjgapumWlbMhkBgzT7Ykc5YXUT46F0iKu8SGXq0bcwP5dz/h0Plj6enJqjz1Zbq2l5WaqYnrVbwWOWMyF3F47g=="
        }
      }
    },
    "mini-store": {
      "version": "3.0.6",
      "resolved": "https://registry.npmjs.org/mini-store/-/mini-store-3.0.6.tgz",
      "integrity": "sha512-YzffKHbYsMQGUWQRKdsearR79QsMzzJcDDmZKlJBqt5JNkqpyJHYlK6gP61O36X+sLf76sO9G6mhKBe83gIZIQ==",
      "requires": {
        "hoist-non-react-statics": "^3.3.2",
        "shallowequal": "^1.0.2"
      }
    },
    "moment": {
      "version": "2.27.0",
      "resolved": "https://registry.npmjs.org/moment/-/moment-2.27.0.tgz",
      "integrity": "sha512-al0MUK7cpIcglMv3YF13qSgdAIqxHTO7brRtaz3DlSULbqfazqkc5kEjNrLDOM7fsjshoFIihnU8snrP7zUvhQ=="
    },
    "no-case": {
      "version": "2.3.2",
      "resolved": "https://registry.npmjs.org/no-case/-/no-case-2.3.2.tgz",
      "integrity": "sha512-rmTZ9kz+f3rCvK2TD1Ue/oZlns7OGoIWP4fc3llxxRXlOkHKoWPPWJOfFYpITabSow43QJbRIoHQXtt10VldyQ==",
      "requires": {
        "lower-case": "^1.1.1"
      }
    },
    "omit.js": {
      "version": "2.0.2",
      "resolved": "https://registry.npmjs.org/omit.js/-/omit.js-2.0.2.tgz",
      "integrity": "sha512-hJmu9D+bNB40YpL9jYebQl4lsTW6yEHRTroJzNLqQJYHm7c+NQnJGfZmIWh8S3q3KoaxV1aLhV6B3+0N0/kyJg=="
    },
    "optionator": {
      "version": "0.8.3",
      "resolved": "https://registry.npmjs.org/optionator/-/optionator-0.8.3.tgz",
      "integrity": "sha512-+IW9pACdk3XWmmTXG8m3upGUJst5XRGzxMRjXzAuJ1XnIFNvfhjjIuYkDvysnPQ7qzqVzLt78BCruntqRhWQbA==",
      "requires": {
        "deep-is": "~0.1.3",
        "fast-levenshtein": "~2.0.6",
        "levn": "~0.3.0",
        "prelude-ls": "~1.1.2",
        "type-check": "~0.3.2",
        "word-wrap": "~1.2.3"
      }
    },
    "param-case": {
      "version": "2.1.1",
      "resolved": "https://registry.npmjs.org/param-case/-/param-case-2.1.1.tgz",
      "integrity": "sha1-35T9jPZTHs915r75oIWPvHK+Ikc=",
      "requires": {
        "no-case": "^2.2.0"
      }
    },
    "performance-now": {
      "version": "2.1.0",
      "resolved": "https://registry.npmjs.org/performance-now/-/performance-now-2.1.0.tgz",
      "integrity": "sha1-Ywn04OX6kT7BxpMHrjZLSzd8nns="
    },
    "prelude-ls": {
      "version": "1.1.2",
      "resolved": "https://registry.npmjs.org/prelude-ls/-/prelude-ls-1.1.2.tgz",
      "integrity": "sha1-IZMqVJ9eUv/ZqCf1cOBL5iqX2lQ="
    },
    "raf": {
      "version": "3.4.1",
      "resolved": "https://registry.npmjs.org/raf/-/raf-3.4.1.tgz",
      "integrity": "sha512-Sq4CW4QhwOHE8ucn6J34MqtZCeWFP2aQSmrlroYgqAV1PjStIhJXxYuTgUIfkEk7zTLjmIjLmU5q+fbD1NnOJA==",
      "requires": {
        "performance-now": "^2.1.0"
      }
    },
    "rc-align": {
      "version": "4.0.3",
      "resolved": "https://registry.npmjs.org/rc-align/-/rc-align-4.0.3.tgz",
      "integrity": "sha512-TpI0t1tvAo/wYdoZbZlkCK+MkQBqNuPyRZesfsji4tMlqoqQ0q0MhnC9JD5KGPitMvmSB+KWgFpaN2uTz4hw6Q==",
      "requires": {
        "@babel/runtime": "^7.10.1",
        "classnames": "2.x",
        "dom-align": "^1.7.0",
        "rc-util": "^5.0.1",
        "resize-observer-polyfill": "^1.5.1"
      }
    },
    "rc-animate": {
      "version": "3.1.0",
      "resolved": "https://registry.npmjs.org/rc-animate/-/rc-animate-3.1.0.tgz",
      "integrity": "sha512-8FsM+3B1H+0AyTyGggY6JyVldHTs1CyYT8CfTmG/nGHHXlecvSLeICJhcKgRLjUiQlctNnRtB1rwz79cvBVmrw==",
      "requires": {
        "@ant-design/css-animation": "^1.7.2",
        "classnames": "^2.2.6",
        "raf": "^3.4.0",
        "rc-util": "^5.0.1"
      }
    },
    "rc-cascader": {
      "version": "1.3.0",
      "resolved": "https://registry.npmjs.org/rc-cascader/-/rc-cascader-1.3.0.tgz",
      "integrity": "sha512-wayuMo/dSZixvdpiRFZB4Q6A3omKRXQcJ3CxN02+PNiTEcRnK2KDqKUzrx7GwgMsyH5tz90lUZ91lLaEPNFv0A==",
      "requires": {
        "array-tree-filter": "^2.1.0",
        "rc-trigger": "^4.0.0",
        "rc-util": "^5.0.1",
        "warning": "^4.0.1"
      }
    },
    "rc-checkbox": {
      "version": "2.3.1",
      "resolved": "https://registry.npmjs.org/rc-checkbox/-/rc-checkbox-2.3.1.tgz",
      "integrity": "sha512-i290/iTqmZ0WtI2UPIryqT9rW6O99+an4KeZIyZDH3r+Jbb6YdddaWNdzq7g5m9zaNhJvgjf//wJtC4fvve2Tg==",
      "requires": {
        "@babel/runtime": "^7.10.1",
        "classnames": "^2.2.1"
      }
    },
    "rc-collapse": {
      "version": "2.0.0",
      "resolved": "https://registry.npmjs.org/rc-collapse/-/rc-collapse-2.0.0.tgz",
      "integrity": "sha512-R5+Ge1uzwK9G1wZPRPhqQsed4FXTDmU0BKzsqfNBtZdk/wd+yey8ZutmJmSozYc5hQwjPkCvJHV7gOIRZKIlJg==",
      "requires": {
        "@ant-design/css-animation": "^1.7.2",
        "classnames": "2.x",
        "rc-animate": "3.x",
        "react-is": "^16.7.0",
        "shallowequal": "^1.1.0"
      }
    },
    "rc-dialog": {
      "version": "8.1.1",
      "resolved": "https://registry.npmjs.org/rc-dialog/-/rc-dialog-8.1.1.tgz",
      "integrity": "sha512-ToyHiMlV94z8LfnmeKoVvu04Pd9+HdwwSHhY2a8IWeYGA5Cjk1WyIZvS+njCsm8rSMM4NqPqFkMZA0N/Iw0NrQ==",
      "requires": {
        "rc-animate": "3.x",
        "rc-util": "^5.0.1"
      }
    },
    "rc-drawer": {
      "version": "4.1.0",
      "resolved": "https://registry.npmjs.org/rc-drawer/-/rc-drawer-4.1.0.tgz",
      "integrity": "sha512-kjeQFngPjdzAFahNIV0EvEBoIKMOnvUsAxpkSPELoD/1DuR4nLafom5ryma+TIxGwkFJ92W6yjsMi1U9aiOTeQ==",
      "requires": {
        "@babel/runtime": "^7.10.1",
        "classnames": "^2.2.6",
        "rc-util": "^5.0.1"
      }
    },
    "rc-dropdown": {
      "version": "3.1.2",
      "resolved": "https://registry.npmjs.org/rc-dropdown/-/rc-dropdown-3.1.2.tgz",
      "integrity": "sha512-s2W5jqvjTid5DxotGO5FlTBaQWeB+Bu7McQgjB8Ot3Wbl72AIKwLf11+lgbV4mA2vWC1H8DKyn6SW9TKLTi0xg==",
      "requires": {
        "@babel/runtime": "^7.10.1",
        "classnames": "^2.2.6",
        "rc-trigger": "^4.0.0"
      }
    },
    "rc-field-form": {
      "version": "1.10.1",
      "resolved": "https://registry.npmjs.org/rc-field-form/-/rc-field-form-1.10.1.tgz",
      "integrity": "sha512-aosTtNTqLYX2jsG5GyCv7axe+b57XH73T7TmmrX/cmhemhtFjvNE6RkRkmtP9VOJnZg5YGC5HfK172cnJ1Ij7Q==",
      "requires": {
        "@babel/runtime": "^7.8.4",
        "async-validator": "^3.0.3",
        "rc-util": "^5.0.0"
      }
    },
    "rc-image": {
      "version": "3.0.3",
      "resolved": "https://registry.npmjs.org/rc-image/-/rc-image-3.0.3.tgz",
      "integrity": "sha512-swJ9F+G7WlzdnUEkz/xGe2Xr00RNA1nq7VE7/5aOfQxYq06sB4jZMdJ19eUamcBO6sVXfhXe5AOlJTgfGeJ6Ag==",
      "requires": {
        "@ant-design/icons": "^4.2.2",
        "@babel/runtime": "^7.11.2",
        "classnames": "^2.2.6",
        "rc-dialog": "^8.1.0",
        "rc-util": "^5.0.6"
      }
    },
    "rc-input-number": {
      "version": "6.0.0",
      "resolved": "https://registry.npmjs.org/rc-input-number/-/rc-input-number-6.0.0.tgz",
      "integrity": "sha512-vbe+g7HvR/joknSnvLkBTi9N9I+LsV4kljfuog8WNiS7OAF3aEN0QcHSOQ4+xk6+Hx9P1tU63z2+TyEx8W/j2Q==",
      "requires": {
        "@babel/runtime": "^7.10.1",
        "classnames": "^2.2.5",
        "rc-util": "^5.0.1"
      }
    },
    "rc-mentions": {
      "version": "1.4.2",
      "resolved": "https://registry.npmjs.org/rc-mentions/-/rc-mentions-1.4.2.tgz",
      "integrity": "sha512-wSmHRF9kFwrbj59mR+u4yVr0KtcrfPw53PYOVizYxYeDfmwaCcSgk29F8OjlDy5jVqUaMhHX5nIiYCePu5Aytg==",
      "requires": {
        "@babel/runtime": "^7.10.1",
        "classnames": "^2.2.6",
        "rc-menu": "^8.0.1",
        "rc-textarea": "^0.3.0",
        "rc-trigger": "^4.3.0",
        "rc-util": "^5.0.1"
      }
    },
    "rc-menu": {
      "version": "8.5.3",
      "resolved": "https://registry.npmjs.org/rc-menu/-/rc-menu-8.5.3.tgz",
      "integrity": "sha512-OLdN+jwhabgyRZDvWYjYpO7RP7wLybhNuAulgGqx1oUPBJrtgVlG/X4HtPb7nypRx/n+eicj6H8CtbCs0L4m/Q==",
      "requires": {
        "@babel/runtime": "^7.10.1",
        "classnames": "2.x",
        "mini-store": "^3.0.1",
        "omit.js": "^2.0.0",
        "rc-motion": "^1.0.1",
        "rc-trigger": "^4.4.0",
        "rc-util": "^5.0.1",
        "resize-observer-polyfill": "^1.5.0",
        "shallowequal": "^1.1.0"
      }
    },
    "rc-motion": {
      "version": "1.0.3",
      "resolved": "https://registry.npmjs.org/rc-motion/-/rc-motion-1.0.3.tgz",
      "integrity": "sha512-TC15cIndZ0q5i0rVAQGMvy5gBeeA89iM/tgVaTTMT23M0t1XFL89EqjG8ktYlodPMzCCzRa90oa+YrsSDIcLww==",
      "requires": {
        "@babel/runtime": "^7.11.1",
        "classnames": "^2.2.1",
        "raf": "^3.4.1",
        "rc-util": "^5.0.6"
      }
    },
    "rc-notification": {
      "version": "4.4.0",
      "resolved": "https://registry.npmjs.org/rc-notification/-/rc-notification-4.4.0.tgz",
      "integrity": "sha512-IDeNAFGVeOsy1tv4zNVqMAXB9tianR80ewQbtObaAQfjwAjWfONdqdyjFkEU6nc6UQhSUYA5OcTGb7kwwbnh0g==",
      "requires": {
        "@babel/runtime": "^7.10.1",
        "classnames": "2.x",
        "rc-animate": "3.x",
        "rc-util": "^5.0.1"
      }
    },
    "rc-pagination": {
      "version": "3.0.3",
      "resolved": "https://registry.npmjs.org/rc-pagination/-/rc-pagination-3.0.3.tgz",
      "integrity": "sha512-xm6LsiSOAWlxferiL5e0jcun1B9vbvYzcIkqpYZR7YvC5ZrcU9KKihb+DZe3DY+oUc49xhX2qGS4D66ITHqekQ==",
      "requires": {
        "@babel/runtime": "^7.10.1",
        "classnames": "^2.2.1"
      }
    },
    "rc-picker": {
      "version": "2.0.9",
      "resolved": "https://registry.npmjs.org/rc-picker/-/rc-picker-2.0.9.tgz",
      "integrity": "sha512-fLVYQYUv+gV9Nr5TXsf//3if7mKaGT/h3roONNSrw3KN86To/ppbfFgvJfzkfdO7zyfY8TpOVhdgYPATehEolg==",
      "requires": {
        "@babel/runtime": "^7.10.1",
        "classnames": "^2.2.1",
        "date-fns": "^2.15.0",
        "dayjs": "^1.8.30",
        "moment": "^2.24.0",
        "rc-trigger": "^4.0.0",
        "rc-util": "^5.0.1",
        "shallowequal": "^1.1.0"
      }
    },
    "rc-progress": {
      "version": "3.0.0",
      "resolved": "https://registry.npmjs.org/rc-progress/-/rc-progress-3.0.0.tgz",
      "integrity": "sha512-dQv1KU3o6Vay604FMYMF4S0x4GNXAgXf1tbQ1QoxeIeQt4d5fUeB7Ri82YPu+G+aRvH/AtxYAlEcnxyVZ1/4Hw==",
      "requires": {
        "classnames": "^2.2.6"
      }
    },
    "rc-rate": {
      "version": "2.8.2",
      "resolved": "https://registry.npmjs.org/rc-rate/-/rc-rate-2.8.2.tgz",
      "integrity": "sha512-f9T/D+ZwWQrWHkpidpQbnXpnVMGMC4eSRAkwuu88a8Qv1C/9LNc4AErazoh8tpnZBFqq19F3j0Glv+sDgkfEig==",
      "requires": {
        "@babel/runtime": "^7.10.1",
        "classnames": "^2.2.5",
        "rc-util": "^5.0.1"
      }
    },
    "rc-resize-observer": {
      "version": "0.2.5",
      "resolved": "https://registry.npmjs.org/rc-resize-observer/-/rc-resize-observer-0.2.5.tgz",
      "integrity": "sha512-cc4sOI722MVoCkGf/ZZybDVsjxvnH0giyDdA7wBJLTiMSFJ0eyxBMnr0JLYoClxftjnr75Xzl/VUB3HDrAx04Q==",
      "requires": {
        "@babel/runtime": "^7.10.1",
        "classnames": "^2.2.1",
        "rc-util": "^5.0.0",
        "resize-observer-polyfill": "^1.5.1"
      }
    },
    "rc-select": {
      "version": "11.1.7",
      "resolved": "https://registry.npmjs.org/rc-select/-/rc-select-11.1.7.tgz",
      "integrity": "sha512-HZozKGhFbLDI995OUKQW2uZ2ZcGyzNhWN6gTQqpW5/Z0rae1zftpgkI1yxZ79LukOc8lO2NKlDDKCGH/SJH2Cg==",
      "requires": {
        "@babel/runtime": "^7.10.1",
        "classnames": "2.x",
        "rc-motion": "^1.0.1",
        "rc-trigger": "^4.3.0",
        "rc-util": "^5.0.1",
        "rc-virtual-list": "^3.0.3",
        "warning": "^4.0.3"
      }
    },
    "rc-slider": {
      "version": "9.3.1",
      "resolved": "https://registry.npmjs.org/rc-slider/-/rc-slider-9.3.1.tgz",
      "integrity": "sha512-c52PWPyrfJWh28K6dixAm0906L3/4MUIxqrNQA4TLnC/Z+cBNycWJUZoJerpwSOE1HdM3XDwixCsmtFc/7aWlQ==",
      "requires": {
        "@babel/runtime": "^7.10.1",
        "classnames": "^2.2.5",
        "rc-tooltip": "^4.0.0",
        "rc-util": "^5.0.0",
        "shallowequal": "^1.1.0"
      }
    },
    "rc-steps": {
      "version": "4.1.2",
      "resolved": "https://registry.npmjs.org/rc-steps/-/rc-steps-4.1.2.tgz",
      "integrity": "sha512-kTPiojPtJi12Y7whRqlydRgJXQ1u9JlvGchI6xDrmOMZVpCTLpfc/18iu+aHCtCZaSnM2ENU/9lfm/naWVFcRw==",
      "requires": {
        "@babel/runtime": "^7.10.2",
        "classnames": "^2.2.3",
        "rc-util": "^5.0.1"
      }
    },
    "rc-switch": {
      "version": "3.2.1",
      "resolved": "https://registry.npmjs.org/rc-switch/-/rc-switch-3.2.1.tgz",
      "integrity": "sha512-ZXYSmx2U+bpHjljjqS5LGj2UIPcQk0EAq6japkaOzQ/OcyzMwWVD9oXMjcRZdO5W1g/pClIV70uEBOWuBMqP4g==",
      "requires": {
        "@babel/runtime": "^7.10.1",
        "classnames": "^2.2.1",
        "rc-util": "^5.0.1"
      }
    },
    "rc-table": {
      "version": "7.9.6",
      "resolved": "https://registry.npmjs.org/rc-table/-/rc-table-7.9.6.tgz",
      "integrity": "sha512-NYLGgXquZtYMaZ44GyDR2zaMCQ4ujf2YLVOtz1Fj9Xc/dg9In1kTkVNtZC2UpuXboPWbh6pP9ycD5d55Zp1jDA==",
      "requires": {
        "@babel/runtime": "^7.10.1",
        "classnames": "^2.2.5",
        "raf": "^3.4.1",
        "rc-resize-observer": "^0.2.0",
        "rc-util": "^5.0.4",
        "shallowequal": "^1.1.0"
      }
    },
    "rc-tabs": {
      "version": "11.6.1",
      "resolved": "https://registry.npmjs.org/rc-tabs/-/rc-tabs-11.6.1.tgz",
      "integrity": "sha512-fJZUOmwBo2E4WTbucCSZO/N1ZK+d9K/QchgDeycTIqxl5D/xtX0Dw/vC2DFi140OFjAy2JL7H0EmsSeOFfCgzw==",
      "requires": {
        "@babel/runtime": "^7.10.1",
        "classnames": "2.x",
        "raf": "^3.4.1",
        "rc-dropdown": "^3.1.0",
        "rc-menu": "^8.2.1",
        "rc-resize-observer": "^0.2.1",
        "rc-trigger": "^4.2.1",
        "rc-util": "^5.0.0"
      }
    },
    "rc-textarea": {
      "version": "0.3.0",
      "resolved": "https://registry.npmjs.org/rc-textarea/-/rc-textarea-0.3.0.tgz",
      "integrity": "sha512-vrTPkPT6wrO7EI8ouLFZZLXA1pFVrVRCnkmyyf0yRComFbcH1ogmFEGu85CjVT96rQqAiQFOe0QV3nKopZOJow==",
      "requires": {
        "@babel/runtime": "^7.10.1",
        "classnames": "^2.2.1",
        "omit.js": "^2.0.0",
        "rc-resize-observer": "^0.2.3"
      }
    },
    "rc-tooltip": {
      "version": "4.2.2",
      "resolved": "https://registry.npmjs.org/rc-tooltip/-/rc-tooltip-4.2.2.tgz",
      "integrity": "sha512-mAs+gAngUyHVA6HdFXsELoJOHgfjAACLLc8SGtnVhovJdyqs5ZGSL9p5i+ApNaVpwjswqShw7L4DRtMl7cXCQg==",
      "requires": {
        "rc-trigger": "^4.2.1"
      }
    },
    "rc-tree": {
      "version": "3.9.4",
      "resolved": "https://registry.npmjs.org/rc-tree/-/rc-tree-3.9.4.tgz",
      "integrity": "sha512-uzgpQL4LLoriYE7xTro2tzb5rd6Eg9lhjWZlN/MaWn+lsFw2nnlLbMULejHd7RQXdYB7t3tTCwk7DiKSN+udrA==",
      "requires": {
        "@babel/runtime": "^7.10.1",
        "classnames": "2.x",
        "rc-motion": "^1.0.0",
        "rc-util": "^5.0.0",
        "rc-virtual-list": "^3.0.1"
      }
    },
    "rc-tree-select": {
      "version": "4.1.2",
      "resolved": "https://registry.npmjs.org/rc-tree-select/-/rc-tree-select-4.1.2.tgz",
      "integrity": "sha512-2tRwZ4ChY+BarVKHoPR65kSZtopgwKCig6ngJiiTVgYfRdAhfdQp2j2+L8YW9TkosYGmwgTOhmlphlG3QNy7Pg==",
      "requires": {
        "@babel/runtime": "^7.10.1",
        "classnames": "2.x",
        "rc-select": "^11.1.1",
        "rc-tree": "^3.8.0",
        "rc-util": "^5.0.5"
      }
    },
    "rc-trigger": {
      "version": "4.4.2",
      "resolved": "https://registry.npmjs.org/rc-trigger/-/rc-trigger-4.4.2.tgz",
      "integrity": "sha512-uw2/s7j1b/RXyixa4omPuxZWv/3ln+H+p0v3trIUBxseolbdj8TTFpXYjXMZdGtMpAEAIbN1yo/K+r7wRB+xtQ==",
      "requires": {
        "@babel/runtime": "^7.10.1",
        "classnames": "^2.2.6",
        "raf": "^3.4.1",
        "rc-align": "^4.0.0",
        "rc-motion": "^1.0.0",
        "rc-util": "^5.0.1"
      }
    },
    "rc-upload": {
      "version": "3.2.1",
      "resolved": "https://registry.npmjs.org/rc-upload/-/rc-upload-3.2.1.tgz",
      "integrity": "sha512-gmIy08tco2YFTSiru9zgeTmUcDKPyUMUUBdUIjG2CcHz4jdbpaPx/RL/Wz9CMD6ppQizK0gES0rcQ1+o5frK2Q==",
      "requires": {
        "classnames": "^2.2.5"
      }
    },
    "rc-util": {
      "version": "5.2.1",
      "resolved": "https://registry.npmjs.org/rc-util/-/rc-util-5.2.1.tgz",
      "integrity": "sha512-OnIKp4DsYZpT3St9LwiGARXyMR38wNbk7C4jXS6NGAGHZEQWck7W6qfiJwj+MUmhJiUisAknU6BUs65exbhFTw==",
      "requires": {
        "react-is": "^16.12.0",
        "shallowequal": "^1.1.0"
      }
    },
    "rc-virtual-list": {
      "version": "3.0.10",
      "resolved": "https://registry.npmjs.org/rc-virtual-list/-/rc-virtual-list-3.0.10.tgz",
      "integrity": "sha512-Sno9DTU0WW/r5iBQg0GDk2T0NX/7y4C0suIrQzM4FQtKO52757y5/CMq7iDYvQROb40tqiphSnhtrhmuiNwyUw==",
      "requires": {
        "classnames": "^2.2.6",
        "rc-resize-observer": "^0.2.3",
        "rc-util": "^5.0.7"
      }
    },
    "react-is": {
      "version": "16.13.1",
      "resolved": "https://registry.npmjs.org/react-is/-/react-is-16.13.1.tgz",
      "integrity": "sha512-24e6ynE2H+OKt4kqsOvNd8kBpV65zoxbA4BVsEOB3ARVWQki/DHzaUoC5KuON/BiccDaCCTZBuOcfZs70kR8bQ=="
    },
    "regenerator-runtime": {
      "version": "0.13.7",
      "resolved": "https://registry.npmjs.org/regenerator-runtime/-/regenerator-runtime-0.13.7.tgz",
      "integrity": "sha512-a54FxoJDIr27pgf7IgeQGxmqUNYrcV338lf/6gH456HZ/PhX+5BcwHXG9ajESmwe6WRO0tAzRUrRmNONWgkrew=="
    },
    "relateurl": {
      "version": "0.2.7",
      "resolved": "https://registry.npmjs.org/relateurl/-/relateurl-0.2.7.tgz",
      "integrity": "sha1-VNvzd+UUQKypCkzSdGANP/LYiKk="
    },
    "resize-observer-polyfill": {
      "version": "1.5.1",
      "resolved": "https://registry.npmjs.org/resize-observer-polyfill/-/resize-observer-polyfill-1.5.1.tgz",
      "integrity": "sha512-LwZrotdHOo12nQuZlHEmtuXdqGoOD0OhaxopaNFxWzInpEgaLWoVuAMbTzixuosCx2nEG58ngzW3vxdWoxIgdg=="
    },
    "scroll-into-view-if-needed": {
      "version": "2.2.25",
      "resolved": "https://registry.npmjs.org/scroll-into-view-if-needed/-/scroll-into-view-if-needed-2.2.25.tgz",
      "integrity": "sha512-C8RKJPq9lK7eubwGpLbUkw3lklcG3Ndjmea2PyauzrA0i4DPlzAmVMGxaZrBFqCrVLfvJmP80IyHnv4jxvg1OQ==",
      "requires": {
        "compute-scroll-into-view": "^1.0.14"
      }
    },
    "shallowequal": {
      "version": "1.1.0",
      "resolved": "https://registry.npmjs.org/shallowequal/-/shallowequal-1.1.0.tgz",
      "integrity": "sha512-y0m1JoUZSlPAjXVtPPW70aZWfIL/dSP7AFkRnniLCrK/8MDKog3TySTBmckD+RObVxH0v4Tox67+F14PdED2oQ=="
    },
    "source-map": {
      "version": "0.5.7",
      "resolved": "https://registry.npmjs.org/source-map/-/source-map-0.5.7.tgz",
      "integrity": "sha1-igOdLRAh0i0eoUyA2OpGi6LvP8w="
    },
    "string-convert": {
      "version": "0.2.1",
      "resolved": "https://registry.npmjs.org/string-convert/-/string-convert-0.2.1.tgz",
      "integrity": "sha1-aYLMMEn7tM2F+LJFaLnZvznu/5c="
    },
    "tinycolor2": {
      "version": "1.4.1",
      "resolved": "https://registry.npmjs.org/tinycolor2/-/tinycolor2-1.4.1.tgz",
      "integrity": "sha1-9PrTM0R7wLB9TcjpIJ2POaisd+g="
    },
    "toggle-selection": {
      "version": "1.0.6",
      "resolved": "https://registry.npmjs.org/toggle-selection/-/toggle-selection-1.0.6.tgz",
      "integrity": "sha1-bkWxJj8gF/oKzH2J14sVuL932jI="
    },
    "type-check": {
      "version": "0.3.2",
      "resolved": "https://registry.npmjs.org/type-check/-/type-check-0.3.2.tgz",
      "integrity": "sha1-WITKtRLPHTVeP7eE8wgEsrUg23I=",
      "requires": {
        "prelude-ls": "~1.1.2"
      }
    },
    "uglify-js": {
      "version": "3.4.10",
      "resolved": "https://registry.npmjs.org/uglify-js/-/uglify-js-3.4.10.tgz",
      "integrity": "sha512-Y2VsbPVs0FIshJztycsO2SfPk7/KAF/T72qzv9u5EpQ4kB2hQoHlhNQTsNyy6ul7lQtqJN/AoWeS23OzEiEFxw==",
      "requires": {
        "commander": "~2.19.0",
        "source-map": "~0.6.1"
      },
      "dependencies": {
        "commander": {
          "version": "2.19.0",
          "resolved": "https://registry.npmjs.org/commander/-/commander-2.19.0.tgz",
          "integrity": "sha512-6tvAOO+D6OENvRAh524Dh9jcfKTYDQAqvqezbCW82xj5X0pSrcpxtvRKHLG0yBY6SD7PSDrJaj+0AiOcKVd1Xg=="
        },
        "source-map": {
          "version": "0.6.1",
          "resolved": "https://registry.npmjs.org/source-map/-/source-map-0.6.1.tgz",
          "integrity": "sha512-UjgapumWlbMhkBgzT7Ykc5YXUT46F0iKu8SGXq0bcwP5dz/h0Plj6enJqjz1Zbq2l5WaqYnrVbwWOWMyF3F47g=="
        }
      }
    },
    "upper-case": {
      "version": "1.1.3",
      "resolved": "https://registry.npmjs.org/upper-case/-/upper-case-1.1.3.tgz",
      "integrity": "sha1-9rRQHC7EzdJrp4vnIilh3ndiFZg="
    },
    "warning": {
      "version": "4.0.3",
      "resolved": "https://registry.npmjs.org/warning/-/warning-4.0.3.tgz",
      "integrity": "sha512-rpJyN222KWIvHJ/F53XSZv0Zl/accqHR8et1kpaMTD/fLCRxtV8iX8czMzY7sVZupTI3zcUTg8eycS2kNF9l6w==",
      "requires": {
        "loose-envify": "^1.0.0"
      }
    },
    "word-wrap": {
      "version": "1.2.3",
      "resolved": "https://registry.npmjs.org/word-wrap/-/word-wrap-1.2.3.tgz",
      "integrity": "sha512-Hz/mrNwitNRh/HUAtM/VT/5VH+ygD6DV7mYKZAtHOrbs8U7lvPS6xf7EJKMF0uW1KJCl0H701g3ZGus+muE5vQ=="
    }
  }
}
